# This file was autogenerated by Stack.
# You should not edit this file by hand.
# For more information, please see the documentation at:
#   https://docs.haskellstack.org/en/stable/lock_files

packages:
- completed:
    cabal-file:
      size: 20134
      sha256: e32ebaecb198b5f00b58c2775bbf5875110152a40f982bd5bfd58251dee0c6ba
    name: accelerate
    version: 1.4.0.0
    git: https://github.com/AccelerateHS/accelerate.git
    pantry-tree:
      size: 14159
      sha256: 4f49aec9b58887d5a4c80066e2f2bea942d60413f1a934e7c9a8c62be2d51092
    commit: 14c43a318ffa280fc6234eb549d69a4c6838fa3d
  original:
    git: https://github.com/AccelerateHS/accelerate.git
    commit: 14c43a318ffa280fc6234eb549d69a4c6838fa3d
snapshots:
- completed:
    size: 524155
    url: https://raw.githubusercontent.com/commercialhaskell/stackage-snapshots/master/lts/14/19.yaml
    sha256: 9f79f6494473c9b46911364b94c4b5ef19ca8d35ebf62e46697cf651f198ee19
  original: lts-14.19
